
Microsoft Visual Studio Solution File, Format Version 12.00
# Visual Studio Version 16
VisualStudioVersion = 16.0.30114.105
MinimumVisualStudioVersion = 10.0.40219.1
Project("{2150E333-8FDC-42A3-9474-1A3956D46DE8}") = "Services", "Services", "{614A3163-418D-4650-BC8C-3702605AA181}"
EndProject
Project("{2150E333-8FDC-42A3-9474-1A3956D46DE8}") = "Gateway", "Gateway", "{6AE0BFC1-62A3-4A3F-BE9C-F59F780F36B1}"
EndProject
Project("{2150E333-8FDC-42A3-9474-1A3956D46DE8}") = "Payment", "Payment", "{2E158F53-32C2-43A9-87AB-F2BC3BFA5A31}"
EndProject
Project("{FAE04EC0-301F-11D3-BF4B-00C04F79EFBC}") = "APIGateway", "Services\Gateway\APIGateway\APIGateway.csproj", "{12E0814E-7B28-475E-A693-C24C5C8449FC}"
EndProject
Project("{FAE04EC0-301F-11D3-BF4B-00C04F79EFBC}") = "Payment", "Services\Payment\Payment.csproj", "{8C87C422-0BCD-4F82-B77F-1830E799DF52}"
EndProject
Project("{2150E333-8FDC-42A3-9474-1A3956D46DE8}") = "Product", "Product", "{32234C52-2CA7-48EA-92F8-78FE46D9AD4D}"
EndProject
Project("{FAE04EC0-301F-11D3-BF4B-00C04F79EFBC}") = "Product", "Services\Product\Product.csproj", "{F5CFAF72-94AF-47AC-8F52-654A6937BF06}"
EndProject
Project("{2150E333-8FDC-42A3-9474-1A3956D46DE8}") = "Report", "Report", "{5EFD408A-0B0F-4228-85F4-F005A129A0F2}"
EndProject
Project("{FAE04EC0-301F-11D3-BF4B-00C04F79EFBC}") = "Report", "Services\Report\Report\Report.csproj", "{812F7A2B-6926-4299-ABEC-CB605DC66C59}"
EndProject
Global
	GlobalSection(SolutionConfigurationPlatforms) = preSolution
		Debug|Any CPU = Debug|Any CPU
		Release|Any CPU = Release|Any CPU
	EndGlobalSection
	GlobalSection(SolutionProperties) = preSolution
		HideSolutionNode = FALSE
	EndGlobalSection
	GlobalSection(NestedProjects) = preSolution
		{6AE0BFC1-62A3-4A3F-BE9C-F59F780F36B1} = {614A3163-418D-4650-BC8C-3702605AA181}
		{2E158F53-32C2-43A9-87AB-F2BC3BFA5A31} = {614A3163-418D-4650-BC8C-3702605AA181}
		{8C87C422-0BCD-4F82-B77F-1830E799DF52} = {2E158F53-32C2-43A9-87AB-F2BC3BFA5A31}
		{12E0814E-7B28-475E-A693-C24C5C8449FC} = {6AE0BFC1-62A3-4A3F-BE9C-F59F780F36B1}
		{32234C52-2CA7-48EA-92F8-78FE46D9AD4D} = {614A3163-418D-4650-BC8C-3702605AA181}
		{F5CFAF72-94AF-47AC-8F52-654A6937BF06} = {32234C52-2CA7-48EA-92F8-78FE46D9AD4D}
		{5EFD408A-0B0F-4228-85F4-F005A129A0F2} = {614A3163-418D-4650-BC8C-3702605AA181}
		{812F7A2B-6926-4299-ABEC-CB605DC66C59} = {5EFD408A-0B0F-4228-85F4-F005A129A0F2}
	EndGlobalSection
	GlobalSection(ProjectConfigurationPlatforms) = postSolution
		{12E0814E-7B28-475E-A693-C24C5C8449FC}.Debug|Any CPU.ActiveCfg = Debug|Any CPU
		{12E0814E-7B28-475E-A693-C24C5C8449FC}.Debug|Any CPU.Build.0 = Debug|Any CPU
		{12E0814E-7B28-475E-A693-C24C5C8449FC}.Release|Any CPU.ActiveCfg = Release|Any CPU
		{12E0814E-7B28-475E-A693-C24C5C8449FC}.Release|Any CPU.Build.0 = Release|Any CPU
		{8C87C422-0BCD-4F82-B77F-1830E799DF52}.Debug|Any CPU.ActiveCfg = Debug|Any CPU
		{8C87C422-0BCD-4F82-B77F-1830E799DF52}.Debug|Any CPU.Build.0 = Debug|Any CPU
		{8C87C422-0BCD-4F82-B77F-1830E799DF52}.Release|Any CPU.ActiveCfg = Release|Any CPU
		{8C87C422-0BCD-4F82-B77F-1830E799DF52}.Release|Any CPU.Build.0 = Release|Any CPU
		{F5CFAF72-94AF-47AC-8F52-654A6937BF06}.Debug|Any CPU.ActiveCfg = Debug|Any CPU
		{F5CFAF72-94AF-47AC-8F52-654A6937BF06}.Debug|Any CPU.Build.0 = Debug|Any CPU
		{F5CFAF72-94AF-47AC-8F52-654A6937BF06}.Release|Any CPU.ActiveCfg = Release|Any CPU
		{F5CFAF72-94AF-47AC-8F52-654A6937BF06}.Release|Any CPU.Build.0 = Release|Any CPU
		{812F7A2B-6926-4299-ABEC-CB605DC66C59}.Debug|Any CPU.ActiveCfg = Debug|Any CPU
		{812F7A2B-6926-4299-ABEC-CB605DC66C59}.Debug|Any CPU.Build.0 = Debug|Any CPU
		{812F7A2B-6926-4299-ABEC-CB605DC66C59}.Release|Any CPU.ActiveCfg = Release|Any CPU
		{812F7A2B-6926-4299-ABEC-CB605DC66C59}.Release|Any CPU.Build.0 = Release|Any CPU
	EndGlobalSection
EndGlobal
